
Microsoft Visual Studio Solution File, Format Version 12.00
# Visual Studio Version 17
VisualStudioVersion = 17.2.32519.379
MinimumVisualStudioVersion = 10.0.40219.1
Project("{FAE04EC0-301F-11D3-BF4B-00C04F79EFBC}") = "CEmplyeeWageProblem", "CEmplyeeWageProblem\CEmplyeeWageProblem.csproj", "{4FB4CD4D-5A16-40FF-8EA6-F1F843402948}"
EndProject
Global
	GlobalSection(SolutionConfigurationPlatforms) = preSolution
		Debug|Any CPU = Debug|Any CPU
		Release|Any CPU = Release|Any CPU
	EndGlobalSection
	GlobalSection(ProjectConfigurationPlatforms) = postSolution
		{4FB4CD4D-5A16-40FF-8EA6-F1F843402948}.Debug|Any CPU.ActiveCfg = Debug|Any CPU
		{4FB4CD4D-5A16-40FF-8EA6-F1F843402948}.Debug|Any CPU.Build.0 = Debug|Any CPU
		{4FB4CD4D-5A16-40FF-8EA6-F1F843402948}.Release|Any CPU.ActiveCfg = Release|Any CPU
		{4FB4CD4D-5A16-40FF-8EA6-F1F843402948}.Release|Any CPU.Build.0 = Release|Any CPU
	EndGlobalSection
	GlobalSection(SolutionProperties) = preSolution
		HideSolutionNode = FALSE
	EndGlobalSection
	GlobalSection(ExtensibilityGlobals) = postSolution
		SolutionGuid = {E763B521-1018-4FF3-9387-771DE8390A4F}
	EndGlobalSection
EndGlobal
